// !$*UTF8*$!
{
	archiveVersion = 1;
	classes = {
	};
	objectVersion = 56;
	objects = {

/* Begin PBXBuildFile section */
		02FA113F9720FE42FA2CAAE1 /* ChatRoom.swift in Sources */ = {isa = PBXBuildFile; fileRef = F1FF76419654877DAB44579C /* ChatRoom.swift */; };
		101E1814479E56AFC1F551E0 /* Product.swift in Sources */ = {isa = PBXBuildFile; fileRef = 4E37137B313E3E0DA36CD9A3 /* Product.swift */; };
		265B268D549DC1C08D6F8A26 /* awsconfiguration.json in Resources */ = {isa = PBXBuildFile; fileRef = 3EC49F6C50607B89CDF10AFE /* awsconfiguration.json */; };
		4E4A8E3CE00C24C10D2A2CDF /* LastMessage.swift in Sources */ = {isa = PBXBuildFile; fileRef = AD415591D37C03B4B9DA8CC4 /* LastMessage.swift */; };
		5D1D5CDA0DB4EBA9C66A51C0 /* AmplifyModels.swift in Sources */ = {isa = PBXBuildFile; fileRef = A8A0A8B250B9128C9599E6FD /* AmplifyModels.swift */; };
		7227D6ABB0529A462EE736AF /* User+Schema.swift in Sources */ = {isa = PBXBuildFile; fileRef = 4275984EB824069E4C063FA6 /* User+Schema.swift */; };
		754A3B649B3EC66E76DA3FAE /* Product+Schema.swift in Sources */ = {isa = PBXBuildFile; fileRef = E9058ACC746BFD9EFEEA371D /* Product+Schema.swift */; };
		7C1B61E928E504900046015A /* AmplifyStorageSwiftUIImageApp.swift in Sources */ = {isa = PBXBuildFile; fileRef = 7C1B61E828E504900046015A /* AmplifyStorageSwiftUIImageApp.swift */; };
		7C1B61EB28E504900046015A /* ContentView.swift in Sources */ = {isa = PBXBuildFile; fileRef = 7C1B61EA28E504900046015A /* ContentView.swift */; };
		7C1B61ED28E504910046015A /* Assets.xcassets in Resources */ = {isa = PBXBuildFile; fileRef = 7C1B61EC28E504910046015A /* Assets.xcassets */; };
		7C1B61F028E504910046015A /* Preview Assets.xcassets in Resources */ = {isa = PBXBuildFile; fileRef = 7C1B61EF28E504910046015A /* Preview Assets.xcassets */; };
		7C1B61F828E504C40046015A /* AWSCognitoAuthPlugin in Frameworks */ = {isa = PBXBuildFile; productRef = 7C1B61F728E504C40046015A /* AWSCognitoAuthPlugin */; };
		7C1B61FA28E504C40046015A /* AWSS3StoragePlugin in Frameworks */ = {isa = PBXBuildFile; productRef = 7C1B61F928E504C40046015A /* AWSS3StoragePlugin */; };
		7C1B61FC28E504C40046015A /* Amplify in Frameworks */ = {isa = PBXBuildFile; productRef = 7C1B61FB28E504C40046015A /* Amplify */; };
		A733335827EEC80EB2891D0E /* Message+Schema.swift in Sources */ = {isa = PBXBuildFile; fileRef = A42D73DED604CD58372F5BD7 /* Message+Schema.swift */; };
		A98BE28B52218CB3C3FDB685 /* Message.swift in Sources */ = {isa = PBXBuildFile; fileRef = 76F176A559ACBE33F27D524F /* Message.swift */; };
		B7A94B46BEB84B4A2C939AFB /* amplifyconfiguration.json in Resources */ = {isa = PBXBuildFile; fileRef = 2A1E4D6E413C53EEE4EADD43 /* amplifyconfiguration.json */; };
		B9CE798871232CB1A0465994 /* LastMessage+Schema.swift in Sources */ = {isa = PBXBuildFile; fileRef = 0C6539FC29C9495DA9F41CF8 /* LastMessage+Schema.swift */; };
		C96316A180A0C249EF7CC814 /* ChatRoom+Schema.swift in Sources */ = {isa = PBXBuildFile; fileRef = AB5269E94D1BD6FEC419CE6E /* ChatRoom+Schema.swift */; };
		D2A76960BBC8DE8B8FA3A643 /* User.swift in Sources */ = {isa = PBXBuildFile; fileRef = 448B1D7E655CE71123206AB7 /* User.swift */; };
/* End PBXBuildFile section */

/* Begin PBXFileReference section */
		0C6539FC29C9495DA9F41CF8 /* LastMessage+Schema.swift */ = {isa = PBXFileReference; explicitFileType = sourcecode.swift; lastKnownFileType = sourcecode.swift; name = "LastMessage+Schema.swift"; path = "amplify/generated/models/LastMessage+Schema.swift"; sourceTree = "<group>"; };
		2A1E4D6E413C53EEE4EADD43 /* amplifyconfiguration.json */ = {isa = PBXFileReference; explicitFileType = text.json; lastKnownFileType = text.json; name = amplifyconfiguration.json; path = amplifyconfiguration.json; sourceTree = "<group>"; };
		3EC49F6C50607B89CDF10AFE /* awsconfiguration.json */ = {isa = PBXFileReference; explicitFileType = text.json; lastKnownFileType = text.json; name = awsconfiguration.json; path = awsconfiguration.json; sourceTree = "<group>"; };
		4275984EB824069E4C063FA6 /* User+Schema.swift */ = {isa = PBXFileReference; explicitFileType = sourcecode.swift; lastKnownFileType = sourcecode.swift; name = "User+Schema.swift"; path = "amplify/generated/models/User+Schema.swift"; sourceTree = "<group>"; };
		448B1D7E655CE71123206AB7 /* User.swift */ = {isa = PBXFileReference; explicitFileType = sourcecode.swift; lastKnownFileType = sourcecode.swift; name = User.swift; path = amplify/generated/models/User.swift; sourceTree = "<group>"; };
		4E37137B313E3E0DA36CD9A3 /* Product.swift */ = {isa = PBXFileReference; explicitFileType = sourcecode.swift; lastKnownFileType = sourcecode.swift; name = Product.swift; path = amplify/generated/models/Product.swift; sourceTree = "<group>"; };
		76F176A559ACBE33F27D524F /* Message.swift */ = {isa = PBXFileReference; explicitFileType = sourcecode.swift; lastKnownFileType = sourcecode.swift; name = Message.swift; path = amplify/generated/models/Message.swift; sourceTree = "<group>"; };
		7C1B61E528E504900046015A /* AmplifyStorageSwiftUIImage.app */ = {isa = PBXFileReference; explicitFileType = wrapper.application; includeInIndex = 0; path = AmplifyStorageSwiftUIImage.app; sourceTree = BUILT_PRODUCTS_DIR; };
		7C1B61E828E504900046015A /* AmplifyStorageSwiftUIImageApp.swift */ = {isa = PBXFileReference; lastKnownFileType = sourcecode.swift; path = AmplifyStorageSwiftUIImageApp.swift; sourceTree = "<group>"; };
		7C1B61EA28E504900046015A /* ContentView.swift */ = {isa = PBXFileReference; lastKnownFileType = sourcecode.swift; path = ContentView.swift; sourceTree = "<group>"; };
		7C1B61EC28E504910046015A /* Assets.xcassets */ = {isa = PBXFileReference; lastKnownFileType = folder.assetcatalog; path = Assets.xcassets; sourceTree = "<group>"; };
		7C1B61EF28E504910046015A /* Preview Assets.xcassets */ = {isa = PBXFileReference; lastKnownFileType = folder.assetcatalog; path = "Preview Assets.xcassets"; sourceTree = "<group>"; };
		A42D73DED604CD58372F5BD7 /* Message+Schema.swift */ = {isa = PBXFileReference; explicitFileType = sourcecode.swift; lastKnownFileType = sourcecode.swift; name = "Message+Schema.swift"; path = "amplify/generated/models/Message+Schema.swift"; sourceTree = "<group>"; };
		A8A0A8B250B9128C9599E6FD /* AmplifyModels.swift */ = {isa = PBXFileReference; explicitFileType = sourcecode.swift; lastKnownFileType = sourcecode.swift; name = AmplifyModels.swift; path = amplify/generated/models/AmplifyModels.swift; sourceTree = "<group>"; };
		AB5269E94D1BD6FEC419CE6E /* ChatRoom+Schema.swift */ = {isa = PBXFileReference; explicitFileType = sourcecode.swift; lastKnownFileType = sourcecode.swift; name = "ChatRoom+Schema.swift"; path = "amplify/generated/models/ChatRoom+Schema.swift"; sourceTree = "<group>"; };
		AD415591D37C03B4B9DA8CC4 /* LastMessage.swift */ = {isa = PBXFileReference; explicitFileType = sourcecode.swift; lastKnownFileType = sourcecode.swift; name = LastMessage.swift; path = amplify/generated/models/LastMessage.swift; sourceTree = "<group>"; };
		E9058ACC746BFD9EFEEA371D /* Product+Schema.swift */ = {isa = PBXFileReference; explicitFileType = sourcecode.swift; lastKnownFileType = sourcecode.swift; name = "Product+Schema.swift"; path = "amplify/generated/models/Product+Schema.swift"; sourceTree = "<group>"; };
		F1FF76419654877DAB44579C /* ChatRoom.swift */ = {isa = PBXFileReference; explicitFileType = sourcecode.swift; lastKnownFileType = sourcecode.swift; name = ChatRoom.swift; path = amplify/generated/models/ChatRoom.swift; sourceTree = "<group>"; };
/* End PBXFileReference section */

/* Begin PBXFrameworksBuildPhase section */
		7C1B61E228E504900046015A /* Frameworks */ = {
			isa = PBXFrameworksBuildPhase;
			buildActionMask = 2147483647;
			files = (
				7C1B61FC28E504C40046015A /* Amplify in Frameworks */,
				7C1B61F828E504C40046015A /* AWSCognitoAuthPlugin in Frameworks */,
				7C1B61FA28E504C40046015A /* AWSS3StoragePlugin in Frameworks */,
			);
			runOnlyForDeploymentPostprocessing = 0;
		};
/* End PBXFrameworksBuildPhase section */

/* Begin PBXGroup section */
		298A720FFCBE98E9B013E6DD /* AmplifyConfig */ = {
			isa = PBXGroup;
			children = (
				3EC49F6C50607B89CDF10AFE /* awsconfiguration.json */,
				2A1E4D6E413C53EEE4EADD43 /* amplifyconfiguration.json */,
			);
			name = AmplifyConfig;
			sourceTree = "<group>";
		};
		3A753977E7195D3B30FEBC09 /* AmplifyModels */ = {
			isa = PBXGroup;
			children = (
				A8A0A8B250B9128C9599E6FD /* AmplifyModels.swift */,
				AB5269E94D1BD6FEC419CE6E /* ChatRoom+Schema.swift */,
				F1FF76419654877DAB44579C /* ChatRoom.swift */,
				0C6539FC29C9495DA9F41CF8 /* LastMessage+Schema.swift */,
				AD415591D37C03B4B9DA8CC4 /* LastMessage.swift */,
				A42D73DED604CD58372F5BD7 /* Message+Schema.swift */,
				76F176A559ACBE33F27D524F /* Message.swift */,
				E9058ACC746BFD9EFEEA371D /* Product+Schema.swift */,
				4E37137B313E3E0DA36CD9A3 /* Product.swift */,
				4275984EB824069E4C063FA6 /* User+Schema.swift */,
				448B1D7E655CE71123206AB7 /* User.swift */,
			);
			name = AmplifyModels;
			sourceTree = "<group>";
		};
		7C1B61DC28E504900046015A = {
			isa = PBXGroup;
			children = (
				7C1B61E728E504900046015A /* AmplifyStorageSwiftUIImage */,
				7C1B61E628E504900046015A /* Products */,
				298A720FFCBE98E9B013E6DD /* AmplifyConfig */,
				3A753977E7195D3B30FEBC09 /* AmplifyModels */,
			);
			sourceTree = "<group>";
		};
		7C1B61E628E504900046015A /* Products */ = {
			isa = PBXGroup;
			children = (
				7C1B61E528E504900046015A /* AmplifyStorageSwiftUIImage.app */,
			);
			name = Products;
			sourceTree = "<group>";
		};
		7C1B61E728E504900046015A /* AmplifyStorageSwiftUIImage */ = {
			isa = PBXGroup;
			children = (
				7C1B61E828E504900046015A /* AmplifyStorageSwiftUIImageApp.swift */,
				7C1B61EA28E504900046015A /* ContentView.swift */,
				7C1B61EC28E504910046015A /* Assets.xcassets */,
				7C1B61EE28E504910046015A /* Preview Content */,
			);
			path = AmplifyStorageSwiftUIImage;
			sourceTree = "<group>";
		};
		7C1B61EE28E504910046015A /* Preview Content */ = {
			isa = PBXGroup;
			children = (
				7C1B61EF28E504910046015A /* Preview Assets.xcassets */,
			);
			path = "Preview Content";
			sourceTree = "<group>";
		};
/* End PBXGroup section */

/* Begin PBXNativeTarget section */
		7C1B61E428E504900046015A /* AmplifyStorageSwiftUIImage */ = {
			isa = PBXNativeTarget;
			buildConfigurationList = 7C1B61F328E504910046015A /* Build configuration list for PBXNativeTarget "AmplifyStorageSwiftUIImage" */;
			buildPhases = (
				7C1B61E128E504900046015A /* Sources */,
				7C1B61E228E504900046015A /* Frameworks */,
				7C1B61E328E504900046015A /* Resources */,
			);
			buildRules = (
			);
			dependencies = (
			);
			name = AmplifyStorageSwiftUIImage;
			packageProductDependencies = (
				7C1B61F728E504C40046015A /* AWSCognitoAuthPlugin */,
				7C1B61F928E504C40046015A /* AWSS3StoragePlugin */,
				7C1B61FB28E504C40046015A /* Amplify */,
			);
			productName = AmplifyStorageSwiftUIImage;
			productReference = 7C1B61E528E504900046015A /* AmplifyStorageSwiftUIImage.app */;
			productType = "com.apple.product-type.application";
		};
/* End PBXNativeTarget section */

/* Begin PBXProject section */
		7C1B61DD28E504900046015A /* Project object */ = {
			isa = PBXProject;
			attributes = {
				BuildIndependentTargetsInParallel = 1;
				LastSwiftUpdateCheck = 1400;
				LastUpgradeCheck = 1400;
				TargetAttributes = {
					7C1B61E428E504900046015A = {
						CreatedOnToolsVersion = 14.0;
					};
				};
			};
			buildConfigurationList = 7C1B61E028E504900046015A /* Build configuration list for PBXProject "AmplifyStorageSwiftUIImage" */;
			compatibilityVersion = "Xcode 14.0";
			developmentRegion = en;
			hasScannedForEncodings = 0;
			knownRegions = (
				en,
				Base,
			);
			mainGroup = 7C1B61DC28E504900046015A;
			packageReferences = (
				7C1B61F628E504C40046015A /* XCRemoteSwiftPackageReference "amplify-ios" */,
			);
			productRefGroup = 7C1B61E628E504900046015A /* Products */;
			projectDirPath = "";
			projectRoot = "";
			targets = (
				7C1B61E428E504900046015A /* AmplifyStorageSwiftUIImage */,
			);
		};
/* End PBXProject section */

/* Begin PBXResourcesBuildPhase section */
		7C1B61E328E504900046015A /* Resources */ = {
			isa = PBXResourcesBuildPhase;
			buildActionMask = 2147483647;
			files = (
				7C1B61F028E504910046015A /* Preview Assets.xcassets in Resources */,
				7C1B61ED28E504910046015A /* Assets.xcassets in Resources */,
				265B268D549DC1C08D6F8A26 /* awsconfiguration.json in Resources */,
				B7A94B46BEB84B4A2C939AFB /* amplifyconfiguration.json in Resources */,
			);
			runOnlyForDeploymentPostprocessing = 0;
		};
/* End PBXResourcesBuildPhase section */

/* Begin PBXSourcesBuildPhase section */
		7C1B61E128E504900046015A /* Sources */ = {
			isa = PBXSourcesBuildPhase;
			buildActionMask = 2147483647;
			files = (
				7C1B61EB28E504900046015A /* ContentView.swift in Sources */,
				7C1B61E928E504900046015A /* AmplifyStorageSwiftUIImageApp.swift in Sources */,
				5D1D5CDA0DB4EBA9C66A51C0 /* AmplifyModels.swift in Sources */,
				C96316A180A0C249EF7CC814 /* ChatRoom+Schema.swift in Sources */,
				02FA113F9720FE42FA2CAAE1 /* ChatRoom.swift in Sources */,
				B9CE798871232CB1A0465994 /* LastMessage+Schema.swift in Sources */,
				4E4A8E3CE00C24C10D2A2CDF /* LastMessage.swift in Sources */,
				A733335827EEC80EB2891D0E /* Message+Schema.swift in Sources */,
				A98BE28B52218CB3C3FDB685 /* Message.swift in Sources */,
				754A3B649B3EC66E76DA3FAE /* Product+Schema.swift in Sources */,
				101E1814479E56AFC1F551E0 /* Product.swift in Sources */,
				7227D6ABB0529A462EE736AF /* User+Schema.swift in Sources */,
				D2A76960BBC8DE8B8FA3A643 /* User.swift in Sources */,
			);
			runOnlyForDeploymentPostprocessing = 0;
		};
/* End PBXSourcesBuildPhase section */

/* Begin XCBuildConfiguration section */
		7C1B61F128E504910046015A /* Debug */ = {
			isa = XCBuildConfiguration;
			buildSettings = {
				ALWAYS_SEARCH_USER_PATHS = NO;
				CLANG_ANALYZER_NONNULL = YES;
				CLANG_ANALYZER_NUMBER_OBJECT_CONVERSION = YES_AGGRESSIVE;
				CLANG_CXX_LANGUAGE_STANDARD = "gnu++20";
				CLANG_ENABLE_MODULES = YES;
				CLANG_ENABLE_OBJC_ARC = YES;
				CLANG_ENABLE_OBJC_WEAK = YES;
				CLANG_WARN_BLOCK_CAPTURE_AUTORELEASING = YES;
				CLANG_WARN_BOOL_CONVERSION = YES;
				CLANG_WARN_COMMA = YES;
				CLANG_WARN_CONSTANT_CONVERSION = YES;
				CLANG_WARN_DEPRECATED_OBJC_IMPLEMENTATIONS = YES;
				CLANG_WARN_DIRECT_OBJC_ISA_USAGE = YES_ERROR;
				CLANG_WARN_DOCUMENTATION_COMMENTS = YES;
				CLANG_WARN_EMPTY_BODY = YES;
				CLANG_WARN_ENUM_CONVERSION = YES;
				CLANG_WARN_INFINITE_RECURSION = YES;
				CLANG_WARN_INT_CONVERSION = YES;
				CLANG_WARN_NON_LITERAL_NULL_CONVERSION = YES;
				CLANG_WARN_OBJC_IMPLICIT_RETAIN_SELF = YES;
				CLANG_WARN_OBJC_LITERAL_CONVERSION = YES;
				CLANG_WARN_OBJC_ROOT_CLASS = YES_ERROR;
				CLANG_WARN_QUOTED_INCLUDE_IN_FRAMEWORK_HEADER = YES;
				CLANG_WARN_RANGE_LOOP_ANALYSIS = YES;
				CLANG_WARN_STRICT_PROTOTYPES = YES;
				CLANG_WARN_SUSPICIOUS_MOVE = YES;
				CLANG_WARN_UNGUARDED_AVAILABILITY = YES_AGGRESSIVE;
				CLANG_WARN_UNREACHABLE_CODE = YES;
				CLANG_WARN__DUPLICATE_METHOD_MATCH = YES;
				COPY_PHASE_STRIP = NO;
				DEBUG_INFORMATION_FORMAT = dwarf;
				ENABLE_STRICT_OBJC_MSGSEND = YES;
				ENABLE_TESTABILITY = YES;
				GCC_C_LANGUAGE_STANDARD = gnu11;
				GCC_DYNAMIC_NO_PIC = NO;
				GCC_NO_COMMON_BLOCKS = YES;
				GCC_OPTIMIZATION_LEVEL = 0;
				GCC_PREPROCESSOR_DEFINITIONS = (
					"DEBUG=1",
					"$(inherited)",
				);
				GCC_WARN_64_TO_32_BIT_CONVERSION = YES;
				GCC_WARN_ABOUT_RETURN_TYPE = YES_ERROR;
				GCC_WARN_UNDECLARED_SELECTOR = YES;
				GCC_WARN_UNINITIALIZED_AUTOS = YES_AGGRESSIVE;
				GCC_WARN_UNUSED_FUNCTION = YES;
				GCC_WARN_UNUSED_VARIABLE = YES;
				IPHONEOS_DEPLOYMENT_TARGET = 16.0;
				MTL_ENABLE_DEBUG_INFO = INCLUDE_SOURCE;
				MTL_FAST_MATH = YES;
				ONLY_ACTIVE_ARCH = YES;
				SDKROOT = iphoneos;
				SWIFT_ACTIVE_COMPILATION_CONDITIONS = DEBUG;
				SWIFT_OPTIMIZATION_LEVEL = "-Onone";
			};
			name = Debug;
		};
		7C1B61F228E504910046015A /* Release */ = {
			isa = XCBuildConfiguration;
			buildSettings = {
				ALWAYS_SEARCH_USER_PATHS = NO;
				CLANG_ANALYZER_NONNULL = YES;
				CLANG_ANALYZER_NUMBER_OBJECT_CONVERSION = YES_AGGRESSIVE;
				CLANG_CXX_LANGUAGE_STANDARD = "gnu++20";
				CLANG_ENABLE_MODULES = YES;
				CLANG_ENABLE_OBJC_ARC = YES;
				CLANG_ENABLE_OBJC_WEAK = YES;
				CLANG_WARN_BLOCK_CAPTURE_AUTORELEASING = YES;
				CLANG_WARN_BOOL_CONVERSION = YES;
				CLANG_WARN_COMMA = YES;
				CLANG_WARN_CONSTANT_CONVERSION = YES;
				CLANG_WARN_DEPRECATED_OBJC_IMPLEMENTATIONS = YES;
				CLANG_WARN_DIRECT_OBJC_ISA_USAGE = YES_ERROR;
				CLANG_WARN_DOCUMENTATION_COMMENTS = YES;
				CLANG_WARN_EMPTY_BODY = YES;
				CLANG_WARN_ENUM_CONVERSION = YES;
				CLANG_WARN_INFINITE_RECURSION = YES;
				CLANG_WARN_INT_CONVERSION = YES;
				CLANG_WARN_NON_LITERAL_NULL_CONVERSION = YES;
				CLANG_WARN_OBJC_IMPLICIT_RETAIN_SELF = YES;
				CLANG_WARN_OBJC_LITERAL_CONVERSION = YES;
				CLANG_WARN_OBJC_ROOT_CLASS = YES_ERROR;
				CLANG_WARN_QUOTED_INCLUDE_IN_FRAMEWORK_HEADER = YES;
				CLANG_WARN_RANGE_LOOP_ANALYSIS = YES;
				CLANG_WARN_STRICT_PROTOTYPES = YES;
				CLANG_WARN_SUSPICIOUS_MOVE = YES;
				CLANG_WARN_UNGUARDED_AVAILABILITY = YES_AGGRESSIVE;
				CLANG_WARN_UNREACHABLE_CODE = YES;
				CLANG_WARN__DUPLICATE_METHOD_MATCH = YES;
				COPY_PHASE_STRIP = NO;
				DEBUG_INFORMATION_FORMAT = "dwarf-with-dsym";
				ENABLE_NS_ASSERTIONS = NO;
				ENABLE_STRICT_OBJC_MSGSEND = YES;
				GCC_C_LANGUAGE_STANDARD = gnu11;
				GCC_NO_COMMON_BLOCKS = YES;
				GCC_WARN_64_TO_32_BIT_CONVERSION = YES;
				GCC_WARN_ABOUT_RETURN_TYPE = YES_ERROR;
				GCC_WARN_UNDECLARED_SELECTOR = YES;
				GCC_WARN_UNINITIALIZED_AUTOS = YES_AGGRESSIVE;
				GCC_WARN_UNUSED_FUNCTION = YES;
				GCC_WARN_UNUSED_VARIABLE = YES;
				IPHONEOS_DEPLOYMENT_TARGET = 16.0;
				MTL_ENABLE_DEBUG_INFO = NO;
				MTL_FAST_MATH = YES;
				SDKROOT = iphoneos;
				SWIFT_COMPILATION_MODE = wholemodule;
				SWIFT_OPTIMIZATION_LEVEL = "-O";
				VALIDATE_PRODUCT = YES;
			};
			name = Release;
		};
		7C1B61F428E504910046015A /* Debug */ = {
			isa = XCBuildConfiguration;
			buildSettings = {
				ASSETCATALOG_COMPILER_APPICON_NAME = AppIcon;
				ASSETCATALOG_COMPILER_GLOBAL_ACCENT_COLOR_NAME = AccentColor;
				CODE_SIGN_STYLE = Automatic;
				CURRENT_PROJECT_VERSION = 1;
				DEVELOPMENT_ASSET_PATHS = "\"AmplifyStorageSwiftUIImage/Preview Content\"";
				DEVELOPMENT_TEAM = 5K3CKJ55JU;
				ENABLE_PREVIEWS = YES;
				GENERATE_INFOPLIST_FILE = YES;
				INFOPLIST_KEY_UIApplicationSceneManifest_Generation = YES;
				INFOPLIST_KEY_UIApplicationSupportsIndirectInputEvents = YES;
				INFOPLIST_KEY_UILaunchScreen_Generation = YES;
				INFOPLIST_KEY_UISupportedInterfaceOrientations_iPad = "UIInterfaceOrientationPortrait UIInterfaceOrientationPortraitUpsideDown UIInterfaceOrientationLandscapeLeft UIInterfaceOrientationLandscapeRight";
				INFOPLIST_KEY_UISupportedInterfaceOrientations_iPhone = "UIInterfaceOrientationPortrait UIInterfaceOrientationLandscapeLeft UIInterfaceOrientationLandscapeRight";
				LD_RUNPATH_SEARCH_PATHS = (
					"$(inherited)",
					"@executable_path/Frameworks",
				);
				MARKETING_VERSION = 1.0;
				PRODUCT_BUNDLE_IDENTIFIER = com.kiloloco.AmplifyStorageSwiftUIImage;
				PRODUCT_NAME = "$(TARGET_NAME)";
				SWIFT_EMIT_LOC_STRINGS = YES;
				SWIFT_VERSION = 5.0;
				TARGETED_DEVICE_FAMILY = "1,2";
			};
			name = Debug;
		};
		7C1B61F528E504910046015A /* Release */ = {
			isa = XCBuildConfiguration;
			buildSettings = {
				ASSETCATALOG_COMPILER_APPICON_NAME = AppIcon;
				ASSETCATALOG_COMPILER_GLOBAL_ACCENT_COLOR_NAME = AccentColor;
				CODE_SIGN_STYLE = Automatic;
				CURRENT_PROJECT_VERSION = 1;
				DEVELOPMENT_ASSET_PATHS = "\"AmplifyStorageSwiftUIImage/Preview Content\"";
				DEVELOPMENT_TEAM = 5K3CKJ55JU;
				ENABLE_PREVIEWS = YES;
				GENERATE_INFOPLIST_FILE = YES;
				INFOPLIST_KEY_UIApplicationSceneManifest_Generation = YES;
				INFOPLIST_KEY_UIApplicationSupportsIndirectInputEvents = YES;
				INFOPLIST_KEY_UILaunchScreen_Generation = YES;
				INFOPLIST_KEY_UISupportedInterfaceOrientations_iPad = "UIInterfaceOrientationPortrait UIInterfaceOrientationPortraitUpsideDown UIInterfaceOrientationLandscapeLeft UIInterfaceOrientationLandscapeRight";
				INFOPLIST_KEY_UISupportedInterfaceOrientations_iPhone = "UIInterfaceOrientationPortrait UIInterfaceOrientationLandscapeLeft UIInterfaceOrientationLandscapeRight";
				LD_RUNPATH_SEARCH_PATHS = (
					"$(inherited)",
					"@executable_path/Frameworks",
				);
				MARKETING_VERSION = 1.0;
				PRODUCT_BUNDLE_IDENTIFIER = com.kiloloco.AmplifyStorageSwiftUIImage;
				PRODUCT_NAME = "$(TARGET_NAME)";
				SWIFT_EMIT_LOC_STRINGS = YES;
				SWIFT_VERSION = 5.0;
				TARGETED_DEVICE_FAMILY = "1,2";
			};
			name = Release;
		};
/* End XCBuildConfiguration section */

/* Begin XCConfigurationList section */
		7C1B61E028E504900046015A /* Build configuration list for PBXProject "AmplifyStorageSwiftUIImage" */ = {
			isa = XCConfigurationList;
			buildConfigurations = (
				7C1B61F128E504910046015A /* Debug */,
				7C1B61F228E504910046015A /* Release */,
			);
			defaultConfigurationIsVisible = 0;
			defaultConfigurationName = Release;
		};
		7C1B61F328E504910046015A /* Build configuration list for PBXNativeTarget "AmplifyStorageSwiftUIImage" */ = {
			isa = XCConfigurationList;
			buildConfigurations = (
				7C1B61F428E504910046015A /* Debug */,
				7C1B61F528E504910046015A /* Release */,
			);
			defaultConfigurationIsVisible = 0;
			defaultConfigurationName = Release;
		};
/* End XCConfigurationList section */

/* Begin XCRemoteSwiftPackageReference section */
		7C1B61F628E504C40046015A /* XCRemoteSwiftPackageReference "amplify-ios" */ = {
			isa = XCRemoteSwiftPackageReference;
			repositoryURL = "https://github.com/aws-amplify/amplify-ios";
			requirement = {
				branch = main;
				kind = branch;
			};
		};
/* End XCRemoteSwiftPackageReference section */

/* Begin XCSwiftPackageProductDependency section */
		7C1B61F728E504C40046015A /* AWSCognitoAuthPlugin */ = {
			isa = XCSwiftPackageProductDependency;
			package = 7C1B61F628E504C40046015A /* XCRemoteSwiftPackageReference "amplify-ios" */;
			productName = AWSCognitoAuthPlugin;
		};
		7C1B61F928E504C40046015A /* AWSS3StoragePlugin */ = {
			isa = XCSwiftPackageProductDependency;
			package = 7C1B61F628E504C40046015A /* XCRemoteSwiftPackageReference "amplify-ios" */;
			productName = AWSS3StoragePlugin;
		};
		7C1B61FB28E504C40046015A /* Amplify */ = {
			isa = XCSwiftPackageProductDependency;
			package = 7C1B61F628E504C40046015A /* XCRemoteSwiftPackageReference "amplify-ios" */;
			productName = Amplify;
		};
/* End XCSwiftPackageProductDependency section */
	};
	rootObject = 7C1B61DD28E504900046015A /* Project object */;
}
