// !$*UTF8*$!
{
	archiveVersion = 1;
	classes = {
	};
	objectVersion = 56;
	objects = {

/* Begin PBXBuildFile section */
		1834D5806BF62A2D79020F5F /* amplifyconfiguration.json in Resources */ = {isa = PBXBuildFile; fileRef = FF76043569182ECCA60B8081 /* amplifyconfiguration.json */; };
		78BC2C72C183D19354FD6AC9 /* awsconfiguration.json in Resources */ = {isa = PBXBuildFile; fileRef = D6DCE3D7A2C116F1CB97B9D0 /* awsconfiguration.json */; };
		7CA9AAE42976666D00DAD723 /* up_and_running_amplify_swiftApp.swift in Sources */ = {isa = PBXBuildFile; fileRef = 7CA9AAE32976666D00DAD723 /* up_and_running_amplify_swiftApp.swift */; };
		7CA9AAE62976666D00DAD723 /* ContentView.swift in Sources */ = {isa = PBXBuildFile; fileRef = 7CA9AAE52976666D00DAD723 /* ContentView.swift */; };
		7CA9AAE82976666E00DAD723 /* Assets.xcassets in Resources */ = {isa = PBXBuildFile; fileRef = 7CA9AAE72976666E00DAD723 /* Assets.xcassets */; };
		7CA9AAEB2976666E00DAD723 /* Preview Assets.xcassets in Resources */ = {isa = PBXBuildFile; fileRef = 7CA9AAEA2976666E00DAD723 /* Preview Assets.xcassets */; };
		7CA9AAF32976D99500DAD723 /* Amplify in Frameworks */ = {isa = PBXBuildFile; productRef = 7CA9AAF22976D99500DAD723 /* Amplify */; };
/* End PBXBuildFile section */

/* Begin PBXFileReference section */
		7CA9AAE02976666D00DAD723 /* up-and-running-amplify-swift.app */ = {isa = PBXFileReference; explicitFileType = wrapper.application; includeInIndex = 0; path = "up-and-running-amplify-swift.app"; sourceTree = BUILT_PRODUCTS_DIR; };
		7CA9AAE32976666D00DAD723 /* up_and_running_amplify_swiftApp.swift */ = {isa = PBXFileReference; lastKnownFileType = sourcecode.swift; path = up_and_running_amplify_swiftApp.swift; sourceTree = "<group>"; };
		7CA9AAE52976666D00DAD723 /* ContentView.swift */ = {isa = PBXFileReference; lastKnownFileType = sourcecode.swift; path = ContentView.swift; sourceTree = "<group>"; };
		7CA9AAE72976666E00DAD723 /* Assets.xcassets */ = {isa = PBXFileReference; lastKnownFileType = folder.assetcatalog; path = Assets.xcassets; sourceTree = "<group>"; };
		7CA9AAEA2976666E00DAD723 /* Preview Assets.xcassets */ = {isa = PBXFileReference; lastKnownFileType = folder.assetcatalog; path = "Preview Assets.xcassets"; sourceTree = "<group>"; };
		D6DCE3D7A2C116F1CB97B9D0 /* awsconfiguration.json */ = {isa = PBXFileReference; explicitFileType = text.json; path = awsconfiguration.json; sourceTree = "<group>"; };
		FF76043569182ECCA60B8081 /* amplifyconfiguration.json */ = {isa = PBXFileReference; explicitFileType = text.json; path = amplifyconfiguration.json; sourceTree = "<group>"; };
/* End PBXFileReference section */

/* Begin PBXFrameworksBuildPhase section */
		7CA9AADD2976666D00DAD723 /* Frameworks */ = {
			isa = PBXFrameworksBuildPhase;
			buildActionMask = 2147483647;
			files = (
				7CA9AAF32976D99500DAD723 /* Amplify in Frameworks */,
			);
			runOnlyForDeploymentPostprocessing = 0;
		};
/* End PBXFrameworksBuildPhase section */

/* Begin PBXGroup section */
		7CA9AAD72976666D00DAD723 = {
			isa = PBXGroup;
			children = (
				7CA9AAE22976666D00DAD723 /* up-and-running-amplify-swift */,
				7CA9AAE12976666D00DAD723 /* Products */,
				8913701FE14BB6215ED9F29A /* AmplifyConfig */,
			);
			sourceTree = "<group>";
		};
		7CA9AAE12976666D00DAD723 /* Products */ = {
			isa = PBXGroup;
			children = (
				7CA9AAE02976666D00DAD723 /* up-and-running-amplify-swift.app */,
			);
			name = Products;
			sourceTree = "<group>";
		};
		7CA9AAE22976666D00DAD723 /* up-and-running-amplify-swift */ = {
			isa = PBXGroup;
			children = (
				7CA9AAE32976666D00DAD723 /* up_and_running_amplify_swiftApp.swift */,
				7CA9AAE52976666D00DAD723 /* ContentView.swift */,
				7CA9AAE72976666E00DAD723 /* Assets.xcassets */,
				7CA9AAE92976666E00DAD723 /* Preview Content */,
			);
			path = "up-and-running-amplify-swift";
			sourceTree = "<group>";
		};
		7CA9AAE92976666E00DAD723 /* Preview Content */ = {
			isa = PBXGroup;
			children = (
				7CA9AAEA2976666E00DAD723 /* Preview Assets.xcassets */,
			);
			path = "Preview Content";
			sourceTree = "<group>";
		};
		8913701FE14BB6215ED9F29A /* AmplifyConfig */ = {
			isa = PBXGroup;
			children = (
				D6DCE3D7A2C116F1CB97B9D0 /* awsconfiguration.json */,
				FF76043569182ECCA60B8081 /* amplifyconfiguration.json */,
			);
			name = AmplifyConfig;
			sourceTree = "<group>";
		};
/* End PBXGroup section */

/* Begin PBXNativeTarget section */
		7CA9AADF2976666D00DAD723 /* up-and-running-amplify-swift */ = {
			isa = PBXNativeTarget;
			buildConfigurationList = 7CA9AAEE2976666E00DAD723 /* Build configuration list for PBXNativeTarget "up-and-running-amplify-swift" */;
			buildPhases = (
				7CA9AADC2976666D00DAD723 /* Sources */,
				7CA9AADD2976666D00DAD723 /* Frameworks */,
				7CA9AADE2976666D00DAD723 /* Resources */,
			);
			buildRules = (
			);
			dependencies = (
			);
			name = "up-and-running-amplify-swift";
			packageProductDependencies = (
				7CA9AAF22976D99500DAD723 /* Amplify */,
			);
			productName = "up-and-running-amplify-swift";
			productReference = 7CA9AAE02976666D00DAD723 /* up-and-running-amplify-swift.app */;
			productType = "com.apple.product-type.application";
		};
/* End PBXNativeTarget section */

/* Begin PBXProject section */
		7CA9AAD82976666D00DAD723 /* Project object */ = {
			isa = PBXProject;
			attributes = {
				BuildIndependentTargetsInParallel = 1;
				LastSwiftUpdateCheck = 1410;
				LastUpgradeCheck = 1410;
				TargetAttributes = {
					7CA9AADF2976666D00DAD723 = {
						CreatedOnToolsVersion = 14.1;
					};
				};
			};
			buildConfigurationList = 7CA9AADB2976666D00DAD723 /* Build configuration list for PBXProject "up-and-running-amplify-swift" */;
			compatibilityVersion = "Xcode 14.0";
			developmentRegion = en;
			hasScannedForEncodings = 0;
			knownRegions = (
				en,
				Base,
			);
			mainGroup = 7CA9AAD72976666D00DAD723;
			packageReferences = (
				7CA9AAF12976D99500DAD723 /* XCRemoteSwiftPackageReference "amplify-swift" */,
			);
			productRefGroup = 7CA9AAE12976666D00DAD723 /* Products */;
			projectDirPath = "";
			projectRoot = "";
			targets = (
				7CA9AADF2976666D00DAD723 /* up-and-running-amplify-swift */,
			);
		};
/* End PBXProject section */

/* Begin PBXResourcesBuildPhase section */
		7CA9AADE2976666D00DAD723 /* Resources */ = {
			isa = PBXResourcesBuildPhase;
			buildActionMask = 2147483647;
			files = (
				7CA9AAEB2976666E00DAD723 /* Preview Assets.xcassets in Resources */,
				7CA9AAE82976666E00DAD723 /* Assets.xcassets in Resources */,
				78BC2C72C183D19354FD6AC9 /* awsconfiguration.json in Resources */,
				1834D5806BF62A2D79020F5F /* amplifyconfiguration.json in Resources */,
			);
			runOnlyForDeploymentPostprocessing = 0;
		};
/* End PBXResourcesBuildPhase section */

/* Begin PBXSourcesBuildPhase section */
		7CA9AADC2976666D00DAD723 /* Sources */ = {
			isa = PBXSourcesBuildPhase;
			buildActionMask = 2147483647;
			files = (
				7CA9AAE62976666D00DAD723 /* ContentView.swift in Sources */,
				7CA9AAE42976666D00DAD723 /* up_and_running_amplify_swiftApp.swift in Sources */,
			);
			runOnlyForDeploymentPostprocessing = 0;
		};
/* End PBXSourcesBuildPhase section */

/* Begin XCBuildConfiguration section */
		7CA9AAEC2976666E00DAD723 /* Debug */ = {
			isa = XCBuildConfiguration;
			buildSettings = {
				ALWAYS_SEARCH_USER_PATHS = NO;
				CLANG_ANALYZER_NONNULL = YES;
				CLANG_ANALYZER_NUMBER_OBJECT_CONVERSION = YES_AGGRESSIVE;
				CLANG_CXX_LANGUAGE_STANDARD = "gnu++20";
				CLANG_ENABLE_MODULES = YES;
				CLANG_ENABLE_OBJC_ARC = YES;
				CLANG_ENABLE_OBJC_WEAK = YES;
				CLANG_WARN_BLOCK_CAPTURE_AUTORELEASING = YES;
				CLANG_WARN_BOOL_CONVERSION = YES;
				CLANG_WARN_COMMA = YES;
				CLANG_WARN_CONSTANT_CONVERSION = YES;
				CLANG_WARN_DEPRECATED_OBJC_IMPLEMENTATIONS = YES;
				CLANG_WARN_DIRECT_OBJC_ISA_USAGE = YES_ERROR;
				CLANG_WARN_DOCUMENTATION_COMMENTS = YES;
				CLANG_WARN_EMPTY_BODY = YES;
				CLANG_WARN_ENUM_CONVERSION = YES;
				CLANG_WARN_INFINITE_RECURSION = YES;
				CLANG_WARN_INT_CONVERSION = YES;
				CLANG_WARN_NON_LITERAL_NULL_CONVERSION = YES;
				CLANG_WARN_OBJC_IMPLICIT_RETAIN_SELF = YES;
				CLANG_WARN_OBJC_LITERAL_CONVERSION = YES;
				CLANG_WARN_OBJC_ROOT_CLASS = YES_ERROR;
				CLANG_WARN_QUOTED_INCLUDE_IN_FRAMEWORK_HEADER = YES;
				CLANG_WARN_RANGE_LOOP_ANALYSIS = YES;
				CLANG_WARN_STRICT_PROTOTYPES = YES;
				CLANG_WARN_SUSPICIOUS_MOVE = YES;
				CLANG_WARN_UNGUARDED_AVAILABILITY = YES_AGGRESSIVE;
				CLANG_WARN_UNREACHABLE_CODE = YES;
				CLANG_WARN__DUPLICATE_METHOD_MATCH = YES;
				COPY_PHASE_STRIP = NO;
				DEBUG_INFORMATION_FORMAT = dwarf;
				ENABLE_STRICT_OBJC_MSGSEND = YES;
				ENABLE_TESTABILITY = YES;
				GCC_C_LANGUAGE_STANDARD = gnu11;
				GCC_DYNAMIC_NO_PIC = NO;
				GCC_NO_COMMON_BLOCKS = YES;
				GCC_OPTIMIZATION_LEVEL = 0;
				GCC_PREPROCESSOR_DEFINITIONS = (
					"DEBUG=1",
					"$(inherited)",
				);
				GCC_WARN_64_TO_32_BIT_CONVERSION = YES;
				GCC_WARN_ABOUT_RETURN_TYPE = YES_ERROR;
				GCC_WARN_UNDECLARED_SELECTOR = YES;
				GCC_WARN_UNINITIALIZED_AUTOS = YES_AGGRESSIVE;
				GCC_WARN_UNUSED_FUNCTION = YES;
				GCC_WARN_UNUSED_VARIABLE = YES;
				IPHONEOS_DEPLOYMENT_TARGET = 16.1;
				MTL_ENABLE_DEBUG_INFO = INCLUDE_SOURCE;
				MTL_FAST_MATH = YES;
				ONLY_ACTIVE_ARCH = YES;
				SDKROOT = iphoneos;
				SWIFT_ACTIVE_COMPILATION_CONDITIONS = DEBUG;
				SWIFT_OPTIMIZATION_LEVEL = "-Onone";
			};
			name = Debug;
		};
		7CA9AAED2976666E00DAD723 /* Release */ = {
			isa = XCBuildConfiguration;
			buildSettings = {
				ALWAYS_SEARCH_USER_PATHS = NO;
				CLANG_ANALYZER_NONNULL = YES;
				CLANG_ANALYZER_NUMBER_OBJECT_CONVERSION = YES_AGGRESSIVE;
				CLANG_CXX_LANGUAGE_STANDARD = "gnu++20";
				CLANG_ENABLE_MODULES = YES;
				CLANG_ENABLE_OBJC_ARC = YES;
				CLANG_ENABLE_OBJC_WEAK = YES;
				CLANG_WARN_BLOCK_CAPTURE_AUTORELEASING = YES;
				CLANG_WARN_BOOL_CONVERSION = YES;
				CLANG_WARN_COMMA = YES;
				CLANG_WARN_CONSTANT_CONVERSION = YES;
				CLANG_WARN_DEPRECATED_OBJC_IMPLEMENTATIONS = YES;
				CLANG_WARN_DIRECT_OBJC_ISA_USAGE = YES_ERROR;
				CLANG_WARN_DOCUMENTATION_COMMENTS = YES;
				CLANG_WARN_EMPTY_BODY = YES;
				CLANG_WARN_ENUM_CONVERSION = YES;
				CLANG_WARN_INFINITE_RECURSION = YES;
				CLANG_WARN_INT_CONVERSION = YES;
				CLANG_WARN_NON_LITERAL_NULL_CONVERSION = YES;
				CLANG_WARN_OBJC_IMPLICIT_RETAIN_SELF = YES;
				CLANG_WARN_OBJC_LITERAL_CONVERSION = YES;
				CLANG_WARN_OBJC_ROOT_CLASS = YES_ERROR;
				CLANG_WARN_QUOTED_INCLUDE_IN_FRAMEWORK_HEADER = YES;
				CLANG_WARN_RANGE_LOOP_ANALYSIS = YES;
				CLANG_WARN_STRICT_PROTOTYPES = YES;
				CLANG_WARN_SUSPICIOUS_MOVE = YES;
				CLANG_WARN_UNGUARDED_AVAILABILITY = YES_AGGRESSIVE;
				CLANG_WARN_UNREACHABLE_CODE = YES;
				CLANG_WARN__DUPLICATE_METHOD_MATCH = YES;
				COPY_PHASE_STRIP = NO;
				DEBUG_INFORMATION_FORMAT = "dwarf-with-dsym";
				ENABLE_NS_ASSERTIONS = NO;
				ENABLE_STRICT_OBJC_MSGSEND = YES;
				GCC_C_LANGUAGE_STANDARD = gnu11;
				GCC_NO_COMMON_BLOCKS = YES;
				GCC_WARN_64_TO_32_BIT_CONVERSION = YES;
				GCC_WARN_ABOUT_RETURN_TYPE = YES_ERROR;
				GCC_WARN_UNDECLARED_SELECTOR = YES;
				GCC_WARN_UNINITIALIZED_AUTOS = YES_AGGRESSIVE;
				GCC_WARN_UNUSED_FUNCTION = YES;
				GCC_WARN_UNUSED_VARIABLE = YES;
				IPHONEOS_DEPLOYMENT_TARGET = 16.1;
				MTL_ENABLE_DEBUG_INFO = NO;
				MTL_FAST_MATH = YES;
				SDKROOT = iphoneos;
				SWIFT_COMPILATION_MODE = wholemodule;
				SWIFT_OPTIMIZATION_LEVEL = "-O";
				VALIDATE_PRODUCT = YES;
			};
			name = Release;
		};
		7CA9AAEF2976666E00DAD723 /* Debug */ = {
			isa = XCBuildConfiguration;
			buildSettings = {
				ASSETCATALOG_COMPILER_APPICON_NAME = AppIcon;
				ASSETCATALOG_COMPILER_GLOBAL_ACCENT_COLOR_NAME = AccentColor;
				CODE_SIGN_STYLE = Automatic;
				CURRENT_PROJECT_VERSION = 1;
				DEVELOPMENT_ASSET_PATHS = "\"up-and-running-amplify-swift/Preview Content\"";
				DEVELOPMENT_TEAM = 5K99777NES;
				ENABLE_PREVIEWS = YES;
				GENERATE_INFOPLIST_FILE = YES;
				INFOPLIST_KEY_UIApplicationSceneManifest_Generation = YES;
				INFOPLIST_KEY_UIApplicationSupportsIndirectInputEvents = YES;
				INFOPLIST_KEY_UILaunchScreen_Generation = YES;
				INFOPLIST_KEY_UISupportedInterfaceOrientations_iPad = "UIInterfaceOrientationPortrait UIInterfaceOrientationPortraitUpsideDown UIInterfaceOrientationLandscapeLeft UIInterfaceOrientationLandscapeRight";
				INFOPLIST_KEY_UISupportedInterfaceOrientations_iPhone = "UIInterfaceOrientationPortrait UIInterfaceOrientationLandscapeLeft UIInterfaceOrientationLandscapeRight";
				LD_RUNPATH_SEARCH_PATHS = (
					"$(inherited)",
					"@executable_path/Frameworks",
				);
				MARKETING_VERSION = 1.0;
				PRODUCT_BUNDLE_IDENTIFIER = "com.kiloloco.up-and-running-amplify-swift";
				PRODUCT_NAME = "$(TARGET_NAME)";
				SWIFT_EMIT_LOC_STRINGS = YES;
				SWIFT_VERSION = 5.0;
				TARGETED_DEVICE_FAMILY = "1,2";
			};
			name = Debug;
		};
		7CA9AAF02976666E00DAD723 /* Release */ = {
			isa = XCBuildConfiguration;
			buildSettings = {
				ASSETCATALOG_COMPILER_APPICON_NAME = AppIcon;
				ASSETCATALOG_COMPILER_GLOBAL_ACCENT_COLOR_NAME = AccentColor;
				CODE_SIGN_STYLE = Automatic;
				CURRENT_PROJECT_VERSION = 1;
				DEVELOPMENT_ASSET_PATHS = "\"up-and-running-amplify-swift/Preview Content\"";
				DEVELOPMENT_TEAM = 5K99777NES;
				ENABLE_PREVIEWS = YES;
				GENERATE_INFOPLIST_FILE = YES;
				INFOPLIST_KEY_UIApplicationSceneManifest_Generation = YES;
				INFOPLIST_KEY_UIApplicationSupportsIndirectInputEvents = YES;
				INFOPLIST_KEY_UILaunchScreen_Generation = YES;
				INFOPLIST_KEY_UISupportedInterfaceOrientations_iPad = "UIInterfaceOrientationPortrait UIInterfaceOrientationPortraitUpsideDown UIInterfaceOrientationLandscapeLeft UIInterfaceOrientationLandscapeRight";
				INFOPLIST_KEY_UISupportedInterfaceOrientations_iPhone = "UIInterfaceOrientationPortrait UIInterfaceOrientationLandscapeLeft UIInterfaceOrientationLandscapeRight";
				LD_RUNPATH_SEARCH_PATHS = (
					"$(inherited)",
					"@executable_path/Frameworks",
				);
				MARKETING_VERSION = 1.0;
				PRODUCT_BUNDLE_IDENTIFIER = "com.kiloloco.up-and-running-amplify-swift";
				PRODUCT_NAME = "$(TARGET_NAME)";
				SWIFT_EMIT_LOC_STRINGS = YES;
				SWIFT_VERSION = 5.0;
				TARGETED_DEVICE_FAMILY = "1,2";
			};
			name = Release;
		};
/* End XCBuildConfiguration section */

/* Begin XCConfigurationList section */
		7CA9AADB2976666D00DAD723 /* Build configuration list for PBXProject "up-and-running-amplify-swift" */ = {
			isa = XCConfigurationList;
			buildConfigurations = (
				7CA9AAEC2976666E00DAD723 /* Debug */,
				7CA9AAED2976666E00DAD723 /* Release */,
			);
			defaultConfigurationIsVisible = 0;
			defaultConfigurationName = Release;
		};
		7CA9AAEE2976666E00DAD723 /* Build configuration list for PBXNativeTarget "up-and-running-amplify-swift" */ = {
			isa = XCConfigurationList;
			buildConfigurations = (
				7CA9AAEF2976666E00DAD723 /* Debug */,
				7CA9AAF02976666E00DAD723 /* Release */,
			);
			defaultConfigurationIsVisible = 0;
			defaultConfigurationName = Release;
		};
/* End XCConfigurationList section */

/* Begin XCRemoteSwiftPackageReference section */
		7CA9AAF12976D99500DAD723 /* XCRemoteSwiftPackageReference "amplify-swift" */ = {
			isa = XCRemoteSwiftPackageReference;
			repositoryURL = "https://github.com/aws-amplify/amplify-swift";
			requirement = {
				kind = upToNextMajorVersion;
				minimumVersion = 2.0.0;
			};
		};
/* End XCRemoteSwiftPackageReference section */

/* Begin XCSwiftPackageProductDependency section */
		7CA9AAF22976D99500DAD723 /* Amplify */ = {
			isa = XCSwiftPackageProductDependency;
			package = 7CA9AAF12976D99500DAD723 /* XCRemoteSwiftPackageReference "amplify-swift" */;
			productName = Amplify;
		};
/* End XCSwiftPackageProductDependency section */
	};
	rootObject = 7CA9AAD82976666D00DAD723 /* Project object */;
}
