// !$*UTF8*$!
{
	archiveVersion = 1;
	classes = {
	};
	objectVersion = 56;
	objects = {

/* Begin PBXBuildFile section */
		7C47C1872987FA5E00070D95 /* one_time_password_sign_in_amplifyApp.swift in Sources */ = {isa = PBXBuildFile; fileRef = 7C47C1862987FA5E00070D95 /* one_time_password_sign_in_amplifyApp.swift */; };
		7C47C18B2987FA5F00070D95 /* Assets.xcassets in Resources */ = {isa = PBXBuildFile; fileRef = 7C47C18A2987FA5F00070D95 /* Assets.xcassets */; };
		7C47C18E2987FA5F00070D95 /* Preview Assets.xcassets in Resources */ = {isa = PBXBuildFile; fileRef = 7C47C18D2987FA5F00070D95 /* Preview Assets.xcassets */; };
		7C47C1952987FA8D00070D95 /* AuthView.swift in Sources */ = {isa = PBXBuildFile; fileRef = 7C47C1942987FA8D00070D95 /* AuthView.swift */; };
		7C47C1972987FB5F00070D95 /* SignUpView.swift in Sources */ = {isa = PBXBuildFile; fileRef = 7C47C1962987FB5F00070D95 /* SignUpView.swift */; };
		7C47C1992987FD0600070D95 /* ConfirmSignUpView.swift in Sources */ = {isa = PBXBuildFile; fileRef = 7C47C1982987FD0600070D95 /* ConfirmSignUpView.swift */; };
		7C47C19B2987FD9A00070D95 /* LoginView.swift in Sources */ = {isa = PBXBuildFile; fileRef = 7C47C19A2987FD9A00070D95 /* LoginView.swift */; };
		7C47C19D2987FEE400070D95 /* EmailCodeView.swift in Sources */ = {isa = PBXBuildFile; fileRef = 7C47C19C2987FEE400070D95 /* EmailCodeView.swift */; };
/* End PBXBuildFile section */

/* Begin PBXFileReference section */
		7C47C1832987FA5E00070D95 /* one-time-password-sign-in-amplify.app */ = {isa = PBXFileReference; explicitFileType = wrapper.application; includeInIndex = 0; path = "one-time-password-sign-in-amplify.app"; sourceTree = BUILT_PRODUCTS_DIR; };
		7C47C1862987FA5E00070D95 /* one_time_password_sign_in_amplifyApp.swift */ = {isa = PBXFileReference; lastKnownFileType = sourcecode.swift; path = one_time_password_sign_in_amplifyApp.swift; sourceTree = "<group>"; };
		7C47C18A2987FA5F00070D95 /* Assets.xcassets */ = {isa = PBXFileReference; lastKnownFileType = folder.assetcatalog; path = Assets.xcassets; sourceTree = "<group>"; };
		7C47C18D2987FA5F00070D95 /* Preview Assets.xcassets */ = {isa = PBXFileReference; lastKnownFileType = folder.assetcatalog; path = "Preview Assets.xcassets"; sourceTree = "<group>"; };
		7C47C1942987FA8D00070D95 /* AuthView.swift */ = {isa = PBXFileReference; lastKnownFileType = sourcecode.swift; path = AuthView.swift; sourceTree = "<group>"; };
		7C47C1962987FB5F00070D95 /* SignUpView.swift */ = {isa = PBXFileReference; lastKnownFileType = sourcecode.swift; path = SignUpView.swift; sourceTree = "<group>"; };
		7C47C1982987FD0600070D95 /* ConfirmSignUpView.swift */ = {isa = PBXFileReference; lastKnownFileType = sourcecode.swift; path = ConfirmSignUpView.swift; sourceTree = "<group>"; };
		7C47C19A2987FD9A00070D95 /* LoginView.swift */ = {isa = PBXFileReference; lastKnownFileType = sourcecode.swift; path = LoginView.swift; sourceTree = "<group>"; };
		7C47C19C2987FEE400070D95 /* EmailCodeView.swift */ = {isa = PBXFileReference; lastKnownFileType = sourcecode.swift; path = EmailCodeView.swift; sourceTree = "<group>"; };
/* End PBXFileReference section */

/* Begin PBXFrameworksBuildPhase section */
		7C47C1802987FA5E00070D95 /* Frameworks */ = {
			isa = PBXFrameworksBuildPhase;
			buildActionMask = 2147483647;
			files = (
			);
			runOnlyForDeploymentPostprocessing = 0;
		};
/* End PBXFrameworksBuildPhase section */

/* Begin PBXGroup section */
		7C47C17A2987FA5E00070D95 = {
			isa = PBXGroup;
			children = (
				7C47C1852987FA5E00070D95 /* one-time-password-sign-in-amplify */,
				7C47C1842987FA5E00070D95 /* Products */,
			);
			sourceTree = "<group>";
		};
		7C47C1842987FA5E00070D95 /* Products */ = {
			isa = PBXGroup;
			children = (
				7C47C1832987FA5E00070D95 /* one-time-password-sign-in-amplify.app */,
			);
			name = Products;
			sourceTree = "<group>";
		};
		7C47C1852987FA5E00070D95 /* one-time-password-sign-in-amplify */ = {
			isa = PBXGroup;
			children = (
				7C47C18A2987FA5F00070D95 /* Assets.xcassets */,
				7C47C1862987FA5E00070D95 /* one_time_password_sign_in_amplifyApp.swift */,
				7C47C1942987FA8D00070D95 /* AuthView.swift */,
				7C47C1962987FB5F00070D95 /* SignUpView.swift */,
				7C47C1982987FD0600070D95 /* ConfirmSignUpView.swift */,
				7C47C19A2987FD9A00070D95 /* LoginView.swift */,
				7C47C19C2987FEE400070D95 /* EmailCodeView.swift */,
				7C47C18C2987FA5F00070D95 /* Preview Content */,
			);
			path = "one-time-password-sign-in-amplify";
			sourceTree = "<group>";
		};
		7C47C18C2987FA5F00070D95 /* Preview Content */ = {
			isa = PBXGroup;
			children = (
				7C47C18D2987FA5F00070D95 /* Preview Assets.xcassets */,
			);
			path = "Preview Content";
			sourceTree = "<group>";
		};
/* End PBXGroup section */

/* Begin PBXNativeTarget section */
		7C47C1822987FA5E00070D95 /* one-time-password-sign-in-amplify */ = {
			isa = PBXNativeTarget;
			buildConfigurationList = 7C47C1912987FA5F00070D95 /* Build configuration list for PBXNativeTarget "one-time-password-sign-in-amplify" */;
			buildPhases = (
				7C47C17F2987FA5E00070D95 /* Sources */,
				7C47C1802987FA5E00070D95 /* Frameworks */,
				7C47C1812987FA5E00070D95 /* Resources */,
			);
			buildRules = (
			);
			dependencies = (
			);
			name = "one-time-password-sign-in-amplify";
			productName = "one-time-password-sign-in-amplify";
			productReference = 7C47C1832987FA5E00070D95 /* one-time-password-sign-in-amplify.app */;
			productType = "com.apple.product-type.application";
		};
/* End PBXNativeTarget section */

/* Begin PBXProject section */
		7C47C17B2987FA5E00070D95 /* Project object */ = {
			isa = PBXProject;
			attributes = {
				BuildIndependentTargetsInParallel = 1;
				LastSwiftUpdateCheck = 1410;
				LastUpgradeCheck = 1410;
				TargetAttributes = {
					7C47C1822987FA5E00070D95 = {
						CreatedOnToolsVersion = 14.1;
					};
				};
			};
			buildConfigurationList = 7C47C17E2987FA5E00070D95 /* Build configuration list for PBXProject "one-time-password-sign-in-amplify" */;
			compatibilityVersion = "Xcode 14.0";
			developmentRegion = en;
			hasScannedForEncodings = 0;
			knownRegions = (
				en,
				Base,
			);
			mainGroup = 7C47C17A2987FA5E00070D95;
			productRefGroup = 7C47C1842987FA5E00070D95 /* Products */;
			projectDirPath = "";
			projectRoot = "";
			targets = (
				7C47C1822987FA5E00070D95 /* one-time-password-sign-in-amplify */,
			);
		};
/* End PBXProject section */

/* Begin PBXResourcesBuildPhase section */
		7C47C1812987FA5E00070D95 /* Resources */ = {
			isa = PBXResourcesBuildPhase;
			buildActionMask = 2147483647;
			files = (
				7C47C18E2987FA5F00070D95 /* Preview Assets.xcassets in Resources */,
				7C47C18B2987FA5F00070D95 /* Assets.xcassets in Resources */,
			);
			runOnlyForDeploymentPostprocessing = 0;
		};
/* End PBXResourcesBuildPhase section */

/* Begin PBXSourcesBuildPhase section */
		7C47C17F2987FA5E00070D95 /* Sources */ = {
			isa = PBXSourcesBuildPhase;
			buildActionMask = 2147483647;
			files = (
				7C47C19B2987FD9A00070D95 /* LoginView.swift in Sources */,
				7C47C1972987FB5F00070D95 /* SignUpView.swift in Sources */,
				7C47C1992987FD0600070D95 /* ConfirmSignUpView.swift in Sources */,
				7C47C19D2987FEE400070D95 /* EmailCodeView.swift in Sources */,
				7C47C1872987FA5E00070D95 /* one_time_password_sign_in_amplifyApp.swift in Sources */,
				7C47C1952987FA8D00070D95 /* AuthView.swift in Sources */,
			);
			runOnlyForDeploymentPostprocessing = 0;
		};
/* End PBXSourcesBuildPhase section */

/* Begin XCBuildConfiguration section */
		7C47C18F2987FA5F00070D95 /* Debug */ = {
			isa = XCBuildConfiguration;
			buildSettings = {
				ALWAYS_SEARCH_USER_PATHS = NO;
				CLANG_ANALYZER_NONNULL = YES;
				CLANG_ANALYZER_NUMBER_OBJECT_CONVERSION = YES_AGGRESSIVE;
				CLANG_CXX_LANGUAGE_STANDARD = "gnu++20";
				CLANG_ENABLE_MODULES = YES;
				CLANG_ENABLE_OBJC_ARC = YES;
				CLANG_ENABLE_OBJC_WEAK = YES;
				CLANG_WARN_BLOCK_CAPTURE_AUTORELEASING = YES;
				CLANG_WARN_BOOL_CONVERSION = YES;
				CLANG_WARN_COMMA = YES;
				CLANG_WARN_CONSTANT_CONVERSION = YES;
				CLANG_WARN_DEPRECATED_OBJC_IMPLEMENTATIONS = YES;
				CLANG_WARN_DIRECT_OBJC_ISA_USAGE = YES_ERROR;
				CLANG_WARN_DOCUMENTATION_COMMENTS = YES;
				CLANG_WARN_EMPTY_BODY = YES;
				CLANG_WARN_ENUM_CONVERSION = YES;
				CLANG_WARN_INFINITE_RECURSION = YES;
				CLANG_WARN_INT_CONVERSION = YES;
				CLANG_WARN_NON_LITERAL_NULL_CONVERSION = YES;
				CLANG_WARN_OBJC_IMPLICIT_RETAIN_SELF = YES;
				CLANG_WARN_OBJC_LITERAL_CONVERSION = YES;
				CLANG_WARN_OBJC_ROOT_CLASS = YES_ERROR;
				CLANG_WARN_QUOTED_INCLUDE_IN_FRAMEWORK_HEADER = YES;
				CLANG_WARN_RANGE_LOOP_ANALYSIS = YES;
				CLANG_WARN_STRICT_PROTOTYPES = YES;
				CLANG_WARN_SUSPICIOUS_MOVE = YES;
				CLANG_WARN_UNGUARDED_AVAILABILITY = YES_AGGRESSIVE;
				CLANG_WARN_UNREACHABLE_CODE = YES;
				CLANG_WARN__DUPLICATE_METHOD_MATCH = YES;
				COPY_PHASE_STRIP = NO;
				DEBUG_INFORMATION_FORMAT = dwarf;
				ENABLE_STRICT_OBJC_MSGSEND = YES;
				ENABLE_TESTABILITY = YES;
				GCC_C_LANGUAGE_STANDARD = gnu11;
				GCC_DYNAMIC_NO_PIC = NO;
				GCC_NO_COMMON_BLOCKS = YES;
				GCC_OPTIMIZATION_LEVEL = 0;
				GCC_PREPROCESSOR_DEFINITIONS = (
					"DEBUG=1",
					"$(inherited)",
				);
				GCC_WARN_64_TO_32_BIT_CONVERSION = YES;
				GCC_WARN_ABOUT_RETURN_TYPE = YES_ERROR;
				GCC_WARN_UNDECLARED_SELECTOR = YES;
				GCC_WARN_UNINITIALIZED_AUTOS = YES_AGGRESSIVE;
				GCC_WARN_UNUSED_FUNCTION = YES;
				GCC_WARN_UNUSED_VARIABLE = YES;
				IPHONEOS_DEPLOYMENT_TARGET = 16.1;
				MTL_ENABLE_DEBUG_INFO = INCLUDE_SOURCE;
				MTL_FAST_MATH = YES;
				ONLY_ACTIVE_ARCH = YES;
				SDKROOT = iphoneos;
				SWIFT_ACTIVE_COMPILATION_CONDITIONS = DEBUG;
				SWIFT_OPTIMIZATION_LEVEL = "-Onone";
			};
			name = Debug;
		};
		7C47C1902987FA5F00070D95 /* Release */ = {
			isa = XCBuildConfiguration;
			buildSettings = {
				ALWAYS_SEARCH_USER_PATHS = NO;
				CLANG_ANALYZER_NONNULL = YES;
				CLANG_ANALYZER_NUMBER_OBJECT_CONVERSION = YES_AGGRESSIVE;
				CLANG_CXX_LANGUAGE_STANDARD = "gnu++20";
				CLANG_ENABLE_MODULES = YES;
				CLANG_ENABLE_OBJC_ARC = YES;
				CLANG_ENABLE_OBJC_WEAK = YES;
				CLANG_WARN_BLOCK_CAPTURE_AUTORELEASING = YES;
				CLANG_WARN_BOOL_CONVERSION = YES;
				CLANG_WARN_COMMA = YES;
				CLANG_WARN_CONSTANT_CONVERSION = YES;
				CLANG_WARN_DEPRECATED_OBJC_IMPLEMENTATIONS = YES;
				CLANG_WARN_DIRECT_OBJC_ISA_USAGE = YES_ERROR;
				CLANG_WARN_DOCUMENTATION_COMMENTS = YES;
				CLANG_WARN_EMPTY_BODY = YES;
				CLANG_WARN_ENUM_CONVERSION = YES;
				CLANG_WARN_INFINITE_RECURSION = YES;
				CLANG_WARN_INT_CONVERSION = YES;
				CLANG_WARN_NON_LITERAL_NULL_CONVERSION = YES;
				CLANG_WARN_OBJC_IMPLICIT_RETAIN_SELF = YES;
				CLANG_WARN_OBJC_LITERAL_CONVERSION = YES;
				CLANG_WARN_OBJC_ROOT_CLASS = YES_ERROR;
				CLANG_WARN_QUOTED_INCLUDE_IN_FRAMEWORK_HEADER = YES;
				CLANG_WARN_RANGE_LOOP_ANALYSIS = YES;
				CLANG_WARN_STRICT_PROTOTYPES = YES;
				CLANG_WARN_SUSPICIOUS_MOVE = YES;
				CLANG_WARN_UNGUARDED_AVAILABILITY = YES_AGGRESSIVE;
				CLANG_WARN_UNREACHABLE_CODE = YES;
				CLANG_WARN__DUPLICATE_METHOD_MATCH = YES;
				COPY_PHASE_STRIP = NO;
				DEBUG_INFORMATION_FORMAT = "dwarf-with-dsym";
				ENABLE_NS_ASSERTIONS = NO;
				ENABLE_STRICT_OBJC_MSGSEND = YES;
				GCC_C_LANGUAGE_STANDARD = gnu11;
				GCC_NO_COMMON_BLOCKS = YES;
				GCC_WARN_64_TO_32_BIT_CONVERSION = YES;
				GCC_WARN_ABOUT_RETURN_TYPE = YES_ERROR;
				GCC_WARN_UNDECLARED_SELECTOR = YES;
				GCC_WARN_UNINITIALIZED_AUTOS = YES_AGGRESSIVE;
				GCC_WARN_UNUSED_FUNCTION = YES;
				GCC_WARN_UNUSED_VARIABLE = YES;
				IPHONEOS_DEPLOYMENT_TARGET = 16.1;
				MTL_ENABLE_DEBUG_INFO = NO;
				MTL_FAST_MATH = YES;
				SDKROOT = iphoneos;
				SWIFT_COMPILATION_MODE = wholemodule;
				SWIFT_OPTIMIZATION_LEVEL = "-O";
				VALIDATE_PRODUCT = YES;
			};
			name = Release;
		};
		7C47C1922987FA5F00070D95 /* Debug */ = {
			isa = XCBuildConfiguration;
			buildSettings = {
				ASSETCATALOG_COMPILER_APPICON_NAME = AppIcon;
				ASSETCATALOG_COMPILER_GLOBAL_ACCENT_COLOR_NAME = AccentColor;
				CODE_SIGN_STYLE = Automatic;
				CURRENT_PROJECT_VERSION = 1;
				DEVELOPMENT_ASSET_PATHS = "\"one-time-password-sign-in-amplify/Preview Content\"";
				DEVELOPMENT_TEAM = 5K99777NES;
				ENABLE_PREVIEWS = YES;
				GENERATE_INFOPLIST_FILE = YES;
				INFOPLIST_KEY_UIApplicationSceneManifest_Generation = YES;
				INFOPLIST_KEY_UIApplicationSupportsIndirectInputEvents = YES;
				INFOPLIST_KEY_UILaunchScreen_Generation = YES;
				INFOPLIST_KEY_UISupportedInterfaceOrientations_iPad = "UIInterfaceOrientationPortrait UIInterfaceOrientationPortraitUpsideDown UIInterfaceOrientationLandscapeLeft UIInterfaceOrientationLandscapeRight";
				INFOPLIST_KEY_UISupportedInterfaceOrientations_iPhone = "UIInterfaceOrientationPortrait UIInterfaceOrientationLandscapeLeft UIInterfaceOrientationLandscapeRight";
				LD_RUNPATH_SEARCH_PATHS = (
					"$(inherited)",
					"@executable_path/Frameworks",
				);
				MARKETING_VERSION = 1.0;
				PRODUCT_BUNDLE_IDENTIFIER = "com.kiloloco.one-time-password-sign-in-amplify";
				PRODUCT_NAME = "$(TARGET_NAME)";
				SWIFT_EMIT_LOC_STRINGS = YES;
				SWIFT_VERSION = 5.0;
				TARGETED_DEVICE_FAMILY = "1,2";
			};
			name = Debug;
		};
		7C47C1932987FA5F00070D95 /* Release */ = {
			isa = XCBuildConfiguration;
			buildSettings = {
				ASSETCATALOG_COMPILER_APPICON_NAME = AppIcon;
				ASSETCATALOG_COMPILER_GLOBAL_ACCENT_COLOR_NAME = AccentColor;
				CODE_SIGN_STYLE = Automatic;
				CURRENT_PROJECT_VERSION = 1;
				DEVELOPMENT_ASSET_PATHS = "\"one-time-password-sign-in-amplify/Preview Content\"";
				DEVELOPMENT_TEAM = 5K99777NES;
				ENABLE_PREVIEWS = YES;
				GENERATE_INFOPLIST_FILE = YES;
				INFOPLIST_KEY_UIApplicationSceneManifest_Generation = YES;
				INFOPLIST_KEY_UIApplicationSupportsIndirectInputEvents = YES;
				INFOPLIST_KEY_UILaunchScreen_Generation = YES;
				INFOPLIST_KEY_UISupportedInterfaceOrientations_iPad = "UIInterfaceOrientationPortrait UIInterfaceOrientationPortraitUpsideDown UIInterfaceOrientationLandscapeLeft UIInterfaceOrientationLandscapeRight";
				INFOPLIST_KEY_UISupportedInterfaceOrientations_iPhone = "UIInterfaceOrientationPortrait UIInterfaceOrientationLandscapeLeft UIInterfaceOrientationLandscapeRight";
				LD_RUNPATH_SEARCH_PATHS = (
					"$(inherited)",
					"@executable_path/Frameworks",
				);
				MARKETING_VERSION = 1.0;
				PRODUCT_BUNDLE_IDENTIFIER = "com.kiloloco.one-time-password-sign-in-amplify";
				PRODUCT_NAME = "$(TARGET_NAME)";
				SWIFT_EMIT_LOC_STRINGS = YES;
				SWIFT_VERSION = 5.0;
				TARGETED_DEVICE_FAMILY = "1,2";
			};
			name = Release;
		};
/* End XCBuildConfiguration section */

/* Begin XCConfigurationList section */
		7C47C17E2987FA5E00070D95 /* Build configuration list for PBXProject "one-time-password-sign-in-amplify" */ = {
			isa = XCConfigurationList;
			buildConfigurations = (
				7C47C18F2987FA5F00070D95 /* Debug */,
				7C47C1902987FA5F00070D95 /* Release */,
			);
			defaultConfigurationIsVisible = 0;
			defaultConfigurationName = Release;
		};
		7C47C1912987FA5F00070D95 /* Build configuration list for PBXNativeTarget "one-time-password-sign-in-amplify" */ = {
			isa = XCConfigurationList;
			buildConfigurations = (
				7C47C1922987FA5F00070D95 /* Debug */,
				7C47C1932987FA5F00070D95 /* Release */,
			);
			defaultConfigurationIsVisible = 0;
			defaultConfigurationName = Release;
		};
/* End XCConfigurationList section */
	};
	rootObject = 7C47C17B2987FA5E00070D95 /* Project object */;
}
